
Microsoft Visual Studio Solution File, Format Version 12.00
# Visual Studio Version 17
VisualStudioVersion = 17.14.36511.14 d17.14
MinimumVisualStudioVersion = 10.0.40219.1
Project("{FAE04EC0-301F-11D3-BF4B-00C04F79EFBC}") = "Majlis2Go", "Majlis2Go\Majlis2Go.csproj", "{1621A6D2-F08E-4672-90E3-8F22269E4AC4}"
EndProject
Global
	GlobalSection(SolutionConfigurationPlatforms) = preSolution
		Debug|Any CPU = Debug|Any CPU
		Release|Any CPU = Release|Any CPU
	EndGlobalSection
	GlobalSection(ProjectConfigurationPlatforms) = postSolution
		{1621A6D2-F08E-4672-90E3-8F22269E4AC4}.Debug|Any CPU.ActiveCfg = Debug|Any CPU
		{1621A6D2-F08E-4672-90E3-8F22269E4AC4}.Debug|Any CPU.Build.0 = Debug|Any CPU
		{1621A6D2-F08E-4672-90E3-8F22269E4AC4}.Release|Any CPU.ActiveCfg = Release|Any CPU
		{1621A6D2-F08E-4672-90E3-8F22269E4AC4}.Release|Any CPU.Build.0 = Release|Any CPU
	EndGlobalSection
	GlobalSection(SolutionProperties) = preSolution
		HideSolutionNode = FALSE
	EndGlobalSection
	GlobalSection(ExtensibilityGlobals) = postSolution
		SolutionGuid = {C7A73A06-0EED-433C-A125-81514C67873B}
	EndGlobalSection
EndGlobal
