
Microsoft Visual Studio Solution File, Format Version 12.00
# Visual Studio Version 18
VisualStudioVersion = 18.6.11822.322 stable
MinimumVisualStudioVersion = 10.0.40219.1
Project("{FAE04EC0-301F-11D3-BF4B-00C04F79EFBC}") = "Pesutima.Web", "Pesutima.Web\Pesutima.Web.csproj", "{EDAD450B-EDE2-459E-BDE7-45291F877AAA}"
EndProject
Project("{FAE04EC0-301F-11D3-BF4B-00C04F79EFBC}") = "Pesutima.Domain", "Pesutima.Domain\Pesutima.Domain.csproj", "{236A834F-E2AD-4683-9153-85D207A2F1BB}"
EndProject
Project("{FAE04EC0-301F-11D3-BF4B-00C04F79EFBC}") = "Pesutima.Persistence", "Pesutima.Persistence\Pesutima.Persistence.csproj", "{526143A1-923C-4847-88A9-6D3879A618A4}"
EndProject
Project("{FAE04EC0-301F-11D3-BF4B-00C04F79EFBC}") = "Pesutima.Resource", "Pesutima.Resource\Pesutima.Resource.csproj", "{60927E79-643B-48B4-83B0-D190307A49FF}"
EndProject
Project("{FAE04EC0-301F-11D3-BF4B-00C04F79EFBC}") = "Pesutima.Application", "Pesutima.Application\Pesutima.Application.csproj", "{D3937DC9-45A7-49F7-8687-C4F8BDA23993}"
EndProject
Global
	GlobalSection(SolutionConfigurationPlatforms) = preSolution
		Debug|Any CPU = Debug|Any CPU
		Release|Any CPU = Release|Any CPU
	EndGlobalSection
	GlobalSection(ProjectConfigurationPlatforms) = postSolution
		{EDAD450B-EDE2-459E-BDE7-45291F877AAA}.Debug|Any CPU.ActiveCfg = Debug|Any CPU
		{EDAD450B-EDE2-459E-BDE7-45291F877AAA}.Debug|Any CPU.Build.0 = Debug|Any CPU
		{EDAD450B-EDE2-459E-BDE7-45291F877AAA}.Release|Any CPU.ActiveCfg = Release|Any CPU
		{EDAD450B-EDE2-459E-BDE7-45291F877AAA}.Release|Any CPU.Build.0 = Release|Any CPU
		{236A834F-E2AD-4683-9153-85D207A2F1BB}.Debug|Any CPU.ActiveCfg = Debug|Any CPU
		{236A834F-E2AD-4683-9153-85D207A2F1BB}.Debug|Any CPU.Build.0 = Debug|Any CPU
		{236A834F-E2AD-4683-9153-85D207A2F1BB}.Release|Any CPU.ActiveCfg = Release|Any CPU
		{236A834F-E2AD-4683-9153-85D207A2F1BB}.Release|Any CPU.Build.0 = Release|Any CPU
		{526143A1-923C-4847-88A9-6D3879A618A4}.Debug|Any CPU.ActiveCfg = Debug|Any CPU
		{526143A1-923C-4847-88A9-6D3879A618A4}.Debug|Any CPU.Build.0 = Debug|Any CPU
		{526143A1-923C-4847-88A9-6D3879A618A4}.Release|Any CPU.ActiveCfg = Release|Any CPU
		{526143A1-923C-4847-88A9-6D3879A618A4}.Release|Any CPU.Build.0 = Release|Any CPU
		{60927E79-643B-48B4-83B0-D190307A49FF}.Debug|Any CPU.ActiveCfg = Debug|Any CPU
		{60927E79-643B-48B4-83B0-D190307A49FF}.Debug|Any CPU.Build.0 = Debug|Any CPU
		{60927E79-643B-48B4-83B0-D190307A49FF}.Release|Any CPU.ActiveCfg = Release|Any CPU
		{60927E79-643B-48B4-83B0-D190307A49FF}.Release|Any CPU.Build.0 = Release|Any CPU
		{D3937DC9-45A7-49F7-8687-C4F8BDA23993}.Debug|Any CPU.ActiveCfg = Debug|Any CPU
		{D3937DC9-45A7-49F7-8687-C4F8BDA23993}.Debug|Any CPU.Build.0 = Debug|Any CPU
		{D3937DC9-45A7-49F7-8687-C4F8BDA23993}.Release|Any CPU.ActiveCfg = Release|Any CPU
		{D3937DC9-45A7-49F7-8687-C4F8BDA23993}.Release|Any CPU.Build.0 = Release|Any CPU
	EndGlobalSection
	GlobalSection(SolutionProperties) = preSolution
		HideSolutionNode = FALSE
	EndGlobalSection
	GlobalSection(ExtensibilityGlobals) = postSolution
		SolutionGuid = {1C598B57-CB6E-4058-8A84-62D510E4C74F}
	EndGlobalSection
EndGlobal
