
Microsoft Visual Studio Solution File, Format Version 12.00
# Visual Studio Version 17
VisualStudioVersion = 17.0.31903.59
MinimumVisualStudioVersion = 10.0.40219.1
Project("{FAE04EC0-301F-11D3-BF4B-00C04F79EFBC}") = "MasterController", "src\MasterController\MasterController.csproj", "{3AE40B82-C7D3-D771-C50B-DC55CFCE97BD}"
EndProject
Project("{FAE04EC0-301F-11D3-BF4B-00C04F79EFBC}") = "ClientAgent", "src\ClientAgent\ClientAgent.csproj", "{14B593C5-604F-2D10-BE0C-4E77FE34A737}"
EndProject
Global
	GlobalSection(SolutionConfigurationPlatforms) = preSolution
		Debug|Any CPU = Debug|Any CPU
		Release|Any CPU = Release|Any CPU
	EndGlobalSection
	GlobalSection(ProjectConfigurationPlatforms) = postSolution
		{3AE40B82-C7D3-D771-C50B-DC55CFCE97BD}.Debug|Any CPU.ActiveCfg = Debug|Any CPU
		{3AE40B82-C7D3-D771-C50B-DC55CFCE97BD}.Debug|Any CPU.Build.0 = Debug|Any CPU
		{3AE40B82-C7D3-D771-C50B-DC55CFCE97BD}.Release|Any CPU.ActiveCfg = Release|Any CPU
		{3AE40B82-C7D3-D771-C50B-DC55CFCE97BD}.Release|Any CPU.Build.0 = Release|Any CPU
		{14B593C5-604F-2D10-BE0C-4E77FE34A737}.Debug|Any CPU.ActiveCfg = Debug|Any CPU
		{14B593C5-604F-2D10-BE0C-4E77FE34A737}.Debug|Any CPU.Build.0 = Debug|Any CPU
		{14B593C5-604F-2D10-BE0C-4E77FE34A737}.Release|Any CPU.ActiveCfg = Release|Any CPU
		{14B593C5-604F-2D10-BE0C-4E77FE34A737}.Release|Any CPU.Build.0 = Release|Any CPU
	EndGlobalSection
	GlobalSection(SolutionProperties) = preSolution
		HideSolutionNode = FALSE
	EndGlobalSection
EndGlobal
